
Microsoft Visual Studio Solution File, Format Version 12.00
# Visual Studio Version 17
VisualStudioVersion = 17.14.37301.10
MinimumVisualStudioVersion = 10.0.40219.1
Project("{FAE04EC0-301F-11D3-BF4B-00C04F79EFBC}") = "PWSAPIServer", "PWSAPIServer.csproj", "{5B4B4572-FEEF-40B3-A060-7BA50EFADDE6}"
EndProject
Project("{FAE04EC0-301F-11D3-BF4B-00C04F79EFBC}") = "PWSAPIShare", "..\PWSAPIShare\PWSAPIShare.csproj", "{D086A7A5-B307-449C-AF6C-3FAF5C2789F5}"
EndProject
Project("{FAE04EC0-301F-11D3-BF4B-00C04F79EFBC}") = "PWSAPICliente", "..\PWSAPICliente\PWSAPICliente.csproj", "{D1C2D2E9-57F5-4CF4-9BF5-7C59BD8BD969}"
EndProject
Global
	GlobalSection(SolutionConfigurationPlatforms) = preSolution
		Debug|Any CPU = Debug|Any CPU
		Release|Any CPU = Release|Any CPU
	EndGlobalSection
	GlobalSection(ProjectConfigurationPlatforms) = postSolution
		{5B4B4572-FEEF-40B3-A060-7BA50EFADDE6}.Debug|Any CPU.ActiveCfg = Debug|Any CPU
		{5B4B4572-FEEF-40B3-A060-7BA50EFADDE6}.Debug|Any CPU.Build.0 = Debug|Any CPU
		{5B4B4572-FEEF-40B3-A060-7BA50EFADDE6}.Release|Any CPU.ActiveCfg = Release|Any CPU
		{5B4B4572-FEEF-40B3-A060-7BA50EFADDE6}.Release|Any CPU.Build.0 = Release|Any CPU
		{D086A7A5-B307-449C-AF6C-3FAF5C2789F5}.Debug|Any CPU.ActiveCfg = Debug|Any CPU
		{D086A7A5-B307-449C-AF6C-3FAF5C2789F5}.Debug|Any CPU.Build.0 = Debug|Any CPU
		{D086A7A5-B307-449C-AF6C-3FAF5C2789F5}.Release|Any CPU.ActiveCfg = Release|Any CPU
		{D086A7A5-B307-449C-AF6C-3FAF5C2789F5}.Release|Any CPU.Build.0 = Release|Any CPU
		{D1C2D2E9-57F5-4CF4-9BF5-7C59BD8BD969}.Debug|Any CPU.ActiveCfg = Debug|Any CPU
		{D1C2D2E9-57F5-4CF4-9BF5-7C59BD8BD969}.Debug|Any CPU.Build.0 = Debug|Any CPU
		{D1C2D2E9-57F5-4CF4-9BF5-7C59BD8BD969}.Release|Any CPU.ActiveCfg = Release|Any CPU
		{D1C2D2E9-57F5-4CF4-9BF5-7C59BD8BD969}.Release|Any CPU.Build.0 = Release|Any CPU
	EndGlobalSection
	GlobalSection(SolutionProperties) = preSolution
		HideSolutionNode = FALSE
	EndGlobalSection
	GlobalSection(ExtensibilityGlobals) = postSolution
		SolutionGuid = {1AC0CE28-AB89-4992-81A0-ADC4ED832BC0}
	EndGlobalSection
EndGlobal
